
Microsoft Visual Studio Solution File, Format Version 12.00
# Visual Studio Version 16
VisualStudioVersion = 16.0.28803.352
MinimumVisualStudioVersion = 10.0.40219.1
Project("{FAE04EC0-301F-11D3-BF4B-00C04F79EFBC}") = "Enumerator", "Enumerator\Enumerator.csproj", "{142A1A7D-7A99-48A4-8358-A388CFEB7F2F}"
EndProject
Global
	GlobalSection(SolutionConfigurationPlatforms) = preSolution
		Debug|Any CPU = Debug|Any CPU
		Release|Any CPU = Release|Any CPU
	EndGlobalSection
	GlobalSection(ProjectConfigurationPlatforms) = postSolution
		{142A1A7D-7A99-48A4-8358-A388CFEB7F2F}.Debug|Any CPU.ActiveCfg = Debug|Any CPU
		{142A1A7D-7A99-48A4-8358-A388CFEB7F2F}.Debug|Any CPU.Build.0 = Debug|Any CPU
		{142A1A7D-7A99-48A4-8358-A388CFEB7F2F}.Release|Any CPU.ActiveCfg = Release|Any CPU
		{142A1A7D-7A99-48A4-8358-A388CFEB7F2F}.Release|Any CPU.Build.0 = Release|Any CPU
	EndGlobalSection
	GlobalSection(SolutionProperties) = preSolution
		HideSolutionNode = FALSE
	EndGlobalSection
	GlobalSection(ExtensibilityGlobals) = postSolution
		SolutionGuid = {5B235143-EBEA-48B8-9945-BA30C7EC27F1}
	EndGlobalSection
EndGlobal
